
Microsoft Visual Studio Solution File, Format Version 12.00
# Visual Studio Version 16
VisualStudioVersion = 16.0.29806.167
MinimumVisualStudioVersion = 10.0.40219.1
Project("{9A19103F-16F7-4668-BE54-9A1E7A4F7556}") = "KafkaPublisher", "KafkaPublisher\KafkaPublisher.csproj", "{2796453E-DD51-4A2B-8BBE-DFBD406124EE}"
EndProject
Project("{9A19103F-16F7-4668-BE54-9A1E7A4F7556}") = "KafkaConsumer", "KafkaConsumer\KafkaConsumer.csproj", "{1112489A-9768-4FB8-8B7B-A78C14124F43}"
EndProject
Project("{FAE04EC0-301F-11D3-BF4B-00C04F79EFBC}") = "ZooKeeperAgent", "ZooKeeperAgent\ZooKeeperAgent.csproj", "{9F6B7C79-E9A3-42DE-B15A-F18C6B156355}"
EndProject
Global
	GlobalSection(SolutionConfigurationPlatforms) = preSolution
		Debug|Any CPU = Debug|Any CPU
		Release|Any CPU = Release|Any CPU
	EndGlobalSection
	GlobalSection(ProjectConfigurationPlatforms) = postSolution
		{2796453E-DD51-4A2B-8BBE-DFBD406124EE}.Debug|Any CPU.ActiveCfg = Debug|Any CPU
		{2796453E-DD51-4A2B-8BBE-DFBD406124EE}.Debug|Any CPU.Build.0 = Debug|Any CPU
		{2796453E-DD51-4A2B-8BBE-DFBD406124EE}.Release|Any CPU.ActiveCfg = Release|Any CPU
		{2796453E-DD51-4A2B-8BBE-DFBD406124EE}.Release|Any CPU.Build.0 = Release|Any CPU
		{1112489A-9768-4FB8-8B7B-A78C14124F43}.Debug|Any CPU.ActiveCfg = Debug|Any CPU
		{1112489A-9768-4FB8-8B7B-A78C14124F43}.Debug|Any CPU.Build.0 = Debug|Any CPU
		{1112489A-9768-4FB8-8B7B-A78C14124F43}.Release|Any CPU.ActiveCfg = Release|Any CPU
		{1112489A-9768-4FB8-8B7B-A78C14124F43}.Release|Any CPU.Build.0 = Release|Any CPU
		{9F6B7C79-E9A3-42DE-B15A-F18C6B156355}.Debug|Any CPU.ActiveCfg = Debug|Any CPU
		{9F6B7C79-E9A3-42DE-B15A-F18C6B156355}.Debug|Any CPU.Build.0 = Debug|Any CPU
		{9F6B7C79-E9A3-42DE-B15A-F18C6B156355}.Release|Any CPU.ActiveCfg = Release|Any CPU
		{9F6B7C79-E9A3-42DE-B15A-F18C6B156355}.Release|Any CPU.Build.0 = Release|Any CPU
	EndGlobalSection
	GlobalSection(SolutionProperties) = preSolution
		HideSolutionNode = FALSE
	EndGlobalSection
	GlobalSection(ExtensibilityGlobals) = postSolution
		SolutionGuid = {D5C240F3-2FF0-4956-8962-C49CC3041653}
	EndGlobalSection
EndGlobal
